// !$*UTF8*$!
{
	archiveVersion = 1;
	classes = {
	};
	objectVersion = 77;
	objects = {

/* Begin PBXContainerItemProxy section */
		58720D952CCBA5DC007C2896 /* PBXContainerItemProxy */ = {
			isa = PBXContainerItemProxy;
			containerPortal = 58720D7C2CCBA5DA007C2896 /* Project object */;
			proxyType = 1;
			remoteGlobalIDString = 58720D832CCBA5DA007C2896;
			remoteInfo = MobiScout;
		};
		58720D9F2CCBA5DC007C2896 /* PBXContainerItemProxy */ = {
			isa = PBXContainerItemProxy;
			containerPortal = 58720D7C2CCBA5DA007C2896 /* Project object */;
			proxyType = 1;
			remoteGlobalIDString = 58720D832CCBA5DA007C2896;
			remoteInfo = MobiScout;
		};
/* End PBXContainerItemProxy section */

/* Begin PBXFileReference section */
		58720D842CCBA5DA007C2896 /* MobiScout.app */ = {isa = PBXFileReference; explicitFileType = wrapper.application; includeInIndex = 0; path = MobiScout.app; sourceTree = BUILT_PRODUCTS_DIR; };
		58720D942CCBA5DC007C2896 /* MobiScoutTests.xctest */ = {isa = PBXFileReference; explicitFileType = wrapper.cfbundle; includeInIndex = 0; path = MobiScoutTests.xctest; sourceTree = BUILT_PRODUCTS_DIR; };
		58720D9E2CCBA5DC007C2896 /* MobiScoutUITests.xctest */ = {isa = PBXFileReference; explicitFileType = wrapper.cfbundle; includeInIndex = 0; path = MobiScoutUITests.xctest; sourceTree = BUILT_PRODUCTS_DIR; };
/* End PBXFileReference section */

/* Begin PBXFileSystemSynchronizedRootGroup section */
		58720D862CCBA5DA007C2896 /* MobiScout */ = {
			isa = PBXFileSystemSynchronizedRootGroup;
			path = MobiScout;
			sourceTree = "<group>";
		};
		58720D972CCBA5DC007C2896 /* MobiScoutTests */ = {
			isa = PBXFileSystemSynchronizedRootGroup;
			path = MobiScoutTests;
			sourceTree = "<group>";
		};
		58720DA12CCBA5DC007C2896 /* MobiScoutUITests */ = {
			isa = PBXFileSystemSynchronizedRootGroup;
			path = MobiScoutUITests;
			sourceTree = "<group>";
		};
/* End PBXFileSystemSynchronizedRootGroup section */

/* Begin PBXFrameworksBuildPhase section */
		58720D812CCBA5DA007C2896 /* Frameworks */ = {
			isa = PBXFrameworksBuildPhase;
			buildActionMask = 2147483647;
			files = (
			);
			runOnlyForDeploymentPostprocessing = 0;
		};
		58720D912CCBA5DC007C2896 /* Frameworks */ = {
			isa = PBXFrameworksBuildPhase;
			buildActionMask = 2147483647;
			files = (
			);
			runOnlyForDeploymentPostprocessing = 0;
		};
		58720D9B2CCBA5DC007C2896 /* Frameworks */ = {
			isa = PBXFrameworksBuildPhase;
			buildActionMask = 2147483647;
			files = (
			);
			runOnlyForDeploymentPostprocessing = 0;
		};
/* End PBXFrameworksBuildPhase section */

/* Begin PBXGroup section */
		58720D7B2CCBA5DA007C2896 = {
			isa = PBXGroup;
			children = (
				58720D862CCBA5DA007C2896 /* MobiScout */,
				58720D972CCBA5DC007C2896 /* MobiScoutTests */,
				58720DA12CCBA5DC007C2896 /* MobiScoutUITests */,
				58720D852CCBA5DA007C2896 /* Products */,
			);
			sourceTree = "<group>";
		};
		58720D852CCBA5DA007C2896 /* Products */ = {
			isa = PBXGroup;
			children = (
				58720D842CCBA5DA007C2896 /* MobiScout.app */,
				58720D942CCBA5DC007C2896 /* MobiScoutTests.xctest */,
				58720D9E2CCBA5DC007C2896 /* MobiScoutUITests.xctest */,
			);
			name = Products;
			sourceTree = "<group>";
		};
/* End PBXGroup section */

/* Begin PBXNativeTarget section */
		58720D832CCBA5DA007C2896 /* MobiScout */ = {
			isa = PBXNativeTarget;
			buildConfigurationList = 58720DA82CCBA5DC007C2896 /* Build configuration list for PBXNativeTarget "MobiScout" */;
			buildPhases = (
				58720D802CCBA5DA007C2896 /* Sources */,
				58720D812CCBA5DA007C2896 /* Frameworks */,
				58720D822CCBA5DA007C2896 /* Resources */,
			);
			buildRules = (
			);
			dependencies = (
			);
			fileSystemSynchronizedGroups = (
				58720D862CCBA5DA007C2896 /* MobiScout */,
			);
			name = MobiScout;
			packageProductDependencies = (
			);
			productName = MobiScout;
			productReference = 58720D842CCBA5DA007C2896 /* MobiScout.app */;
			productType = "com.apple.product-type.application";
		};
		58720D932CCBA5DC007C2896 /* MobiScoutTests */ = {
			isa = PBXNativeTarget;
			buildConfigurationList = 58720DAB2CCBA5DC007C2896 /* Build configuration list for PBXNativeTarget "MobiScoutTests" */;
			buildPhases = (
				58720D902CCBA5DC007C2896 /* Sources */,
				58720D912CCBA5DC007C2896 /* Frameworks */,
				58720D922CCBA5DC007C2896 /* Resources */,
			);
			buildRules = (
			);
			dependencies = (
				58720D962CCBA5DC007C2896 /* PBXTargetDependency */,
			);
			fileSystemSynchronizedGroups = (
				58720D972CCBA5DC007C2896 /* MobiScoutTests */,
			);
			name = MobiScoutTests;
			packageProductDependencies = (
			);
			productName = MobiScoutTests;
			productReference = 58720D942CCBA5DC007C2896 /* MobiScoutTests.xctest */;
			productType = "com.apple.product-type.bundle.unit-test";
		};
		58720D9D2CCBA5DC007C2896 /* MobiScoutUITests */ = {
			isa = PBXNativeTarget;
			buildConfigurationList = 58720DAE2CCBA5DC007C2896 /* Build configuration list for PBXNativeTarget "MobiScoutUITests" */;
			buildPhases = (
				58720D9A2CCBA5DC007C2896 /* Sources */,
				58720D9B2CCBA5DC007C2896 /* Frameworks */,
				58720D9C2CCBA5DC007C2896 /* Resources */,
			);
			buildRules = (
			);
			dependencies = (
				58720DA02CCBA5DC007C2896 /* PBXTargetDependency */,
			);
			fileSystemSynchronizedGroups = (
				58720DA12CCBA5DC007C2896 /* MobiScoutUITests */,
			);
			name = MobiScoutUITests;
			packageProductDependencies = (
			);
			productName = MobiScoutUITests;
			productReference = 58720D9E2CCBA5DC007C2896 /* MobiScoutUITests.xctest */;
			productType = "com.apple.product-type.bundle.ui-testing";
		};
/* End PBXNativeTarget section */

/* Begin PBXProject section */
		58720D7C2CCBA5DA007C2896 /* Project object */ = {
			isa = PBXProject;
			attributes = {
				BuildIndependentTargetsInParallel = 1;
				LastSwiftUpdateCheck = 1600;
				LastUpgradeCheck = 1600;
				TargetAttributes = {
					58720D832CCBA5DA007C2896 = {
						CreatedOnToolsVersion = 16.0;
					};
					58720D932CCBA5DC007C2896 = {
						CreatedOnToolsVersion = 16.0;
						TestTargetID = 58720D832CCBA5DA007C2896;
					};
					58720D9D2CCBA5DC007C2896 = {
						CreatedOnToolsVersion = 16.0;
						TestTargetID = 58720D832CCBA5DA007C2896;
					};
				};
			};
			buildConfigurationList = 58720D7F2CCBA5DA007C2896 /* Build configuration list for PBXProject "MobiScout" */;
			developmentRegion = en;
			hasScannedForEncodings = 0;
			knownRegions = (
				en,
				Base,
			);
			mainGroup = 58720D7B2CCBA5DA007C2896;
			minimizedProjectReferenceProxies = 1;
			preferredProjectObjectVersion = 77;
			productRefGroup = 58720D852CCBA5DA007C2896 /* Products */;
			projectDirPath = "";
			projectRoot = "";
			targets = (
				58720D832CCBA5DA007C2896 /* MobiScout */,
				58720D932CCBA5DC007C2896 /* MobiScoutTests */,
				58720D9D2CCBA5DC007C2896 /* MobiScoutUITests */,
			);
		};
/* End PBXProject section */

/* Begin PBXResourcesBuildPhase section */
		58720D822CCBA5DA007C2896 /* Resources */ = {
			isa = PBXResourcesBuildPhase;
			buildActionMask = 2147483647;
			files = (
			);
			runOnlyForDeploymentPostprocessing = 0;
		};
		58720D922CCBA5DC007C2896 /* Resources */ = {
			isa = PBXResourcesBuildPhase;
			buildActionMask = 2147483647;
			files = (
			);
			runOnlyForDeploymentPostprocessing = 0;
		};
		58720D9C2CCBA5DC007C2896 /* Resources */ = {
			isa = PBXResourcesBuildPhase;
			buildActionMask = 2147483647;
			files = (
			);
			runOnlyForDeploymentPostprocessing = 0;
		};
/* End PBXResourcesBuildPhase section */

/* Begin PBXSourcesBuildPhase section */
		58720D802CCBA5DA007C2896 /* Sources */ = {
			isa = PBXSourcesBuildPhase;
			buildActionMask = 2147483647;
			files = (
			);
			runOnlyForDeploymentPostprocessing = 0;
		};
		58720D902CCBA5DC007C2896 /* Sources */ = {
			isa = PBXSourcesBuildPhase;
			buildActionMask = 2147483647;
			files = (
			);
			runOnlyForDeploymentPostprocessing = 0;
		};
		58720D9A2CCBA5DC007C2896 /* Sources */ = {
			isa = PBXSourcesBuildPhase;
			buildActionMask = 2147483647;
			files = (
			);
			runOnlyForDeploymentPostprocessing = 0;
		};
/* End PBXSourcesBuildPhase section */

/* Begin PBXTargetDependency section */
		58720D962CCBA5DC007C2896 /* PBXTargetDependency */ = {
			isa = PBXTargetDependency;
			target = 58720D832CCBA5DA007C2896 /* MobiScout */;
			targetProxy = 58720D952CCBA5DC007C2896 /* PBXContainerItemProxy */;
		};
		58720DA02CCBA5DC007C2896 /* PBXTargetDependency */ = {
			isa = PBXTargetDependency;
			target = 58720D832CCBA5DA007C2896 /* MobiScout */;
			targetProxy = 58720D9F2CCBA5DC007C2896 /* PBXContainerItemProxy */;
		};
/* End PBXTargetDependency section */

/* Begin XCBuildConfiguration section */
		58720DA62CCBA5DC007C2896 /* Debug */ = {
			isa = XCBuildConfiguration;
			buildSettings = {
				ALWAYS_SEARCH_USER_PATHS = NO;
				ASSETCATALOG_COMPILER_GENERATE_SWIFT_ASSET_SYMBOL_EXTENSIONS = YES;
				CLANG_ANALYZER_NONNULL = YES;
				CLANG_ANALYZER_NUMBER_OBJECT_CONVERSION = YES_AGGRESSIVE;
				CLANG_CXX_LANGUAGE_STANDARD = "gnu++20";
				CLANG_ENABLE_MODULES = YES;
				CLANG_ENABLE_OBJC_ARC = YES;
				CLANG_ENABLE_OBJC_WEAK = YES;
				CLANG_WARN_BLOCK_CAPTURE_AUTORELEASING = YES;
				CLANG_WARN_BOOL_CONVERSION = YES;
				CLANG_WARN_COMMA = YES;
				CLANG_WARN_CONSTANT_CONVERSION = YES;
				CLANG_WARN_DEPRECATED_OBJC_IMPLEMENTATIONS = YES;
				CLANG_WARN_DIRECT_OBJC_ISA_USAGE = YES_ERROR;
				CLANG_WARN_DOCUMENTATION_COMMENTS = YES;
				CLANG_WARN_EMPTY_BODY = YES;
				CLANG_WARN_ENUM_CONVERSION = YES;
				CLANG_WARN_INFINITE_RECURSION = YES;
				CLANG_WARN_INT_CONVERSION = YES;
				CLANG_WARN_NON_LITERAL_NULL_CONVERSION = YES;
				CLANG_WARN_OBJC_IMPLICIT_RETAIN_SELF = YES;
				CLANG_WARN_OBJC_LITERAL_CONVERSION = YES;
				CLANG_WARN_OBJC_ROOT_CLASS = YES_ERROR;
				CLANG_WARN_QUOTED_INCLUDE_IN_FRAMEWORK_HEADER = YES;
				CLANG_WARN_RANGE_LOOP_ANALYSIS = YES;
				CLANG_WARN_STRICT_PROTOTYPES = YES;
				CLANG_WARN_SUSPICIOUS_MOVE = YES;
				CLANG_WARN_UNGUARDED_AVAILABILITY = YES_AGGRESSIVE;
				CLANG_WARN_UNREACHABLE_CODE = YES;
				CLANG_WARN__DUPLICATE_METHOD_MATCH = YES;
				COPY_PHASE_STRIP = NO;
				DEBUG_INFORMATION_FORMAT = dwarf;
				ENABLE_STRICT_OBJC_MSGSEND = YES;
				ENABLE_TESTABILITY = YES;
				ENABLE_USER_SCRIPT_SANDBOXING = YES;
				GCC_C_LANGUAGE_STANDARD = gnu17;
				GCC_DYNAMIC_NO_PIC = NO;
				GCC_NO_COMMON_BLOCKS = YES;
				GCC_OPTIMIZATION_LEVEL = 0;
				GCC_PREPROCESSOR_DEFINITIONS = (
					"DEBUG=1",
					"$(inherited)",
				);
				GCC_WARN_64_TO_32_BIT_CONVERSION = YES;
				GCC_WARN_ABOUT_RETURN_TYPE = YES_ERROR;
				GCC_WARN_UNDECLARED_SELECTOR = YES;
				GCC_WARN_UNINITIALIZED_AUTOS = YES_AGGRESSIVE;
				GCC_WARN_UNUSED_FUNCTION = YES;
				GCC_WARN_UNUSED_VARIABLE = YES;
				IPHONEOS_DEPLOYMENT_TARGET = 18.0;
				LOCALIZATION_PREFERS_STRING_CATALOGS = YES;
				MTL_ENABLE_DEBUG_INFO = INCLUDE_SOURCE;
				MTL_FAST_MATH = YES;
				ONLY_ACTIVE_ARCH = YES;
				SDKROOT = iphoneos;
				SWIFT_ACTIVE_COMPILATION_CONDITIONS = "DEBUG $(inherited)";
				SWIFT_OPTIMIZATION_LEVEL = "-Onone";
			};
			name = Debug;
		};
		58720DA72CCBA5DC007C2896 /* Release */ = {
			isa = XCBuildConfiguration;
			buildSettings = {
				ALWAYS_SEARCH_USER_PATHS = NO;
				ASSETCATALOG_COMPILER_GENERATE_SWIFT_ASSET_SYMBOL_EXTENSIONS = YES;
				CLANG_ANALYZER_NONNULL = YES;
				CLANG_ANALYZER_NUMBER_OBJECT_CONVERSION = YES_AGGRESSIVE;
				CLANG_CXX_LANGUAGE_STANDARD = "gnu++20";
				CLANG_ENABLE_MODULES = YES;
				CLANG_ENABLE_OBJC_ARC = YES;
				CLANG_ENABLE_OBJC_WEAK = YES;
				CLANG_WARN_BLOCK_CAPTURE_AUTORELEASING = YES;
				CLANG_WARN_BOOL_CONVERSION = YES;
				CLANG_WARN_COMMA = YES;
				CLANG_WARN_CONSTANT_CONVERSION = YES;
				CLANG_WARN_DEPRECATED_OBJC_IMPLEMENTATIONS = YES;
				CLANG_WARN_DIRECT_OBJC_ISA_USAGE = YES_ERROR;
				CLANG_WARN_DOCUMENTATION_COMMENTS = YES;
				CLANG_WARN_EMPTY_BODY = YES;
				CLANG_WARN_ENUM_CONVERSION = YES;
				CLANG_WARN_INFINITE_RECURSION = YES;
				CLANG_WARN_INT_CONVERSION = YES;
				CLANG_WARN_NON_LITERAL_NULL_CONVERSION = YES;
				CLANG_WARN_OBJC_IMPLICIT_RETAIN_SELF = YES;
				CLANG_WARN_OBJC_LITERAL_CONVERSION = YES;
				CLANG_WARN_OBJC_ROOT_CLASS = YES_ERROR;
				CLANG_WARN_QUOTED_INCLUDE_IN_FRAMEWORK_HEADER = YES;
				CLANG_WARN_RANGE_LOOP_ANALYSIS = YES;
				CLANG_WARN_STRICT_PROTOTYPES = YES;
				CLANG_WARN_SUSPICIOUS_MOVE = YES;
				CLANG_WARN_UNGUARDED_AVAILABILITY = YES_AGGRESSIVE;
				CLANG_WARN_UNREACHABLE_CODE = YES;
				CLANG_WARN__DUPLICATE_METHOD_MATCH = YES;
				COPY_PHASE_STRIP = NO;
				DEBUG_INFORMATION_FORMAT = "dwarf-with-dsym";
				ENABLE_NS_ASSERTIONS = NO;
				ENABLE_STRICT_OBJC_MSGSEND = YES;
				ENABLE_USER_SCRIPT_SANDBOXING = YES;
				GCC_C_LANGUAGE_STANDARD = gnu17;
				GCC_NO_COMMON_BLOCKS = YES;
				GCC_WARN_64_TO_32_BIT_CONVERSION = YES;
				GCC_WARN_ABOUT_RETURN_TYPE = YES_ERROR;
				GCC_WARN_UNDECLARED_SELECTOR = YES;
				GCC_WARN_UNINITIALIZED_AUTOS = YES_AGGRESSIVE;
				GCC_WARN_UNUSED_FUNCTION = YES;
				GCC_WARN_UNUSED_VARIABLE = YES;
				IPHONEOS_DEPLOYMENT_TARGET = 18.0;
				LOCALIZATION_PREFERS_STRING_CATALOGS = YES;
				MTL_ENABLE_DEBUG_INFO = NO;
				MTL_FAST_MATH = YES;
				SDKROOT = iphoneos;
				SWIFT_COMPILATION_MODE = wholemodule;
				VALIDATE_PRODUCT = YES;
			};
			name = Release;
		};
		58720DA92CCBA5DC007C2896 /* Debug */ = {
			isa = XCBuildConfiguration;
			buildSettings = {
				ASSETCATALOG_COMPILER_APPICON_NAME = AppIcon;
				ASSETCATALOG_COMPILER_GLOBAL_ACCENT_COLOR_NAME = AccentColor;
				CODE_SIGN_STYLE = Automatic;
				CURRENT_PROJECT_VERSION = 1;
				DEVELOPMENT_ASSET_PATHS = "\"MobiScout/Preview Content\"";
				ENABLE_PREVIEWS = YES;
				GENERATE_INFOPLIST_FILE = YES;
				INFOPLIST_KEY_UIApplicationSceneManifest_Generation = YES;
				INFOPLIST_KEY_UIApplicationSupportsIndirectInputEvents = YES;
				INFOPLIST_KEY_UILaunchScreen_Generation = YES;
				INFOPLIST_KEY_UISupportedInterfaceOrientations_iPad = "UIInterfaceOrientationPortrait UIInterfaceOrientationPortraitUpsideDown UIInterfaceOrientationLandscapeLeft UIInterfaceOrientationLandscapeRight";
				INFOPLIST_KEY_UISupportedInterfaceOrientations_iPhone = "UIInterfaceOrientationPortrait UIInterfaceOrientationLandscapeLeft UIInterfaceOrientationLandscapeRight";
				LD_RUNPATH_SEARCH_PATHS = (
					"$(inherited)",
					"@executable_path/Frameworks",
				);
				MARKETING_VERSION = 1.0;
				PRODUCT_BUNDLE_IDENTIFIER = Research.MobiScout;
				PRODUCT_NAME = "$(TARGET_NAME)";
				SWIFT_EMIT_LOC_STRINGS = YES;
				SWIFT_VERSION = 5.0;
				TARGETED_DEVICE_FAMILY = "1,2";
			};
			name = Debug;
		};
		58720DAA2CCBA5DC007C2896 /* Release */ = {
			isa = XCBuildConfiguration;
			buildSettings = {
				ASSETCATALOG_COMPILER_APPICON_NAME = AppIcon;
				ASSETCATALOG_COMPILER_GLOBAL_ACCENT_COLOR_NAME = AccentColor;
				CODE_SIGN_STYLE = Automatic;
				CURRENT_PROJECT_VERSION = 1;
				DEVELOPMENT_ASSET_PATHS = "\"MobiScout/Preview Content\"";
				ENABLE_PREVIEWS = YES;
				GENERATE_INFOPLIST_FILE = YES;
				INFOPLIST_KEY_UIApplicationSceneManifest_Generation = YES;
				INFOPLIST_KEY_UIApplicationSupportsIndirectInputEvents = YES;
				INFOPLIST_KEY_UILaunchScreen_Generation = YES;
				INFOPLIST_KEY_UISupportedInterfaceOrientations_iPad = "UIInterfaceOrientationPortrait UIInterfaceOrientationPortraitUpsideDown UIInterfaceOrientationLandscapeLeft UIInterfaceOrientationLandscapeRight";
				INFOPLIST_KEY_UISupportedInterfaceOrientations_iPhone = "UIInterfaceOrientationPortrait UIInterfaceOrientationLandscapeLeft UIInterfaceOrientationLandscapeRight";
				LD_RUNPATH_SEARCH_PATHS = (
					"$(inherited)",
					"@executable_path/Frameworks",
				);
				MARKETING_VERSION = 1.0;
				PRODUCT_BUNDLE_IDENTIFIER = Research.MobiScout;
				PRODUCT_NAME = "$(TARGET_NAME)";
				SWIFT_EMIT_LOC_STRINGS = YES;
				SWIFT_VERSION = 5.0;
				TARGETED_DEVICE_FAMILY = "1,2";
			};
			name = Release;
		};
		58720DAC2CCBA5DC007C2896 /* Debug */ = {
			isa = XCBuildConfiguration;
			buildSettings = {
				BUNDLE_LOADER = "$(TEST_HOST)";
				CODE_SIGN_STYLE = Automatic;
				CURRENT_PROJECT_VERSION = 1;
				GENERATE_INFOPLIST_FILE = YES;
				IPHONEOS_DEPLOYMENT_TARGET = 18.0;
				MARKETING_VERSION = 1.0;
				PRODUCT_BUNDLE_IDENTIFIER = Research.MobiScoutTests;
				PRODUCT_NAME = "$(TARGET_NAME)";
				SWIFT_EMIT_LOC_STRINGS = NO;
				SWIFT_VERSION = 5.0;
				TARGETED_DEVICE_FAMILY = "1,2";
				TEST_HOST = "$(BUILT_PRODUCTS_DIR)/MobiScout.app/$(BUNDLE_EXECUTABLE_FOLDER_PATH)/MobiScout";
			};
			name = Debug;
		};
		58720DAD2CCBA5DC007C2896 /* Release */ = {
			isa = XCBuildConfiguration;
			buildSettings = {
				BUNDLE_LOADER = "$(TEST_HOST)";
				CODE_SIGN_STYLE = Automatic;
				CURRENT_PROJECT_VERSION = 1;
				GENERATE_INFOPLIST_FILE = YES;
				IPHONEOS_DEPLOYMENT_TARGET = 18.0;
				MARKETING_VERSION = 1.0;
				PRODUCT_BUNDLE_IDENTIFIER = Research.MobiScoutTests;
				PRODUCT_NAME = "$(TARGET_NAME)";
				SWIFT_EMIT_LOC_STRINGS = NO;
				SWIFT_VERSION = 5.0;
				TARGETED_DEVICE_FAMILY = "1,2";
				TEST_HOST = "$(BUILT_PRODUCTS_DIR)/MobiScout.app/$(BUNDLE_EXECUTABLE_FOLDER_PATH)/MobiScout";
			};
			name = Release;
		};
		58720DAF2CCBA5DC007C2896 /* Debug */ = {
			isa = XCBuildConfiguration;
			buildSettings = {
				CODE_SIGN_STYLE = Automatic;
				CURRENT_PROJECT_VERSION = 1;
				GENERATE_INFOPLIST_FILE = YES;
				MARKETING_VERSION = 1.0;
				PRODUCT_BUNDLE_IDENTIFIER = Research.MobiScoutUITests;
				PRODUCT_NAME = "$(TARGET_NAME)";
				SWIFT_EMIT_LOC_STRINGS = NO;
				SWIFT_VERSION = 5.0;
				TARGETED_DEVICE_FAMILY = "1,2";
				TEST_TARGET_NAME = MobiScout;
			};
			name = Debug;
		};
		58720DB02CCBA5DC007C2896 /* Release */ = {
			isa = XCBuildConfiguration;
			buildSettings = {
				CODE_SIGN_STYLE = Automatic;
				CURRENT_PROJECT_VERSION = 1;
				GENERATE_INFOPLIST_FILE = YES;
				MARKETING_VERSION = 1.0;
				PRODUCT_BUNDLE_IDENTIFIER = Research.MobiScoutUITests;
				PRODUCT_NAME = "$(TARGET_NAME)";
				SWIFT_EMIT_LOC_STRINGS = NO;
				SWIFT_VERSION = 5.0;
				TARGETED_DEVICE_FAMILY = "1,2";
				TEST_TARGET_NAME = MobiScout;
			};
			name = Release;
		};
/* End XCBuildConfiguration section */

/* Begin XCConfigurationList section */
		58720D7F2CCBA5DA007C2896 /* Build configuration list for PBXProject "MobiScout" */ = {
			isa = XCConfigurationList;
			buildConfigurations = (
				58720DA62CCBA5DC007C2896 /* Debug */,
				58720DA72CCBA5DC007C2896 /* Release */,
			);
			defaultConfigurationIsVisible = 0;
			defaultConfigurationName = Release;
		};
		58720DA82CCBA5DC007C2896 /* Build configuration list for PBXNativeTarget "MobiScout" */ = {
			isa = XCConfigurationList;
			buildConfigurations = (
				58720DA92CCBA5DC007C2896 /* Debug */,
				58720DAA2CCBA5DC007C2896 /* Release */,
			);
			defaultConfigurationIsVisible = 0;
			defaultConfigurationName = Release;
		};
		58720DAB2CCBA5DC007C2896 /* Build configuration list for PBXNativeTarget "MobiScoutTests" */ = {
			isa = XCConfigurationList;
			buildConfigurations = (
				58720DAC2CCBA5DC007C2896 /* Debug */,
				58720DAD2CCBA5DC007C2896 /* Release */,
			);
			defaultConfigurationIsVisible = 0;
			defaultConfigurationName = Release;
		};
		58720DAE2CCBA5DC007C2896 /* Build configuration list for PBXNativeTarget "MobiScoutUITests" */ = {
			isa = XCConfigurationList;
			buildConfigurations = (
				58720DAF2CCBA5DC007C2896 /* Debug */,
				58720DB02CCBA5DC007C2896 /* Release */,
			);
			defaultConfigurationIsVisible = 0;
			defaultConfigurationName = Release;
		};
/* End XCConfigurationList section */
	};
	rootObject = 58720D7C2CCBA5DA007C2896 /* Project object */;
}
